
Microsoft Visual Studio Solution File, Format Version 12.00
# Visual Studio 2013
VisualStudioVersion = 12.0.40629.0
MinimumVisualStudioVersion = 10.0.40219.1
Project("{FAE04EC0-301F-11D3-BF4B-00C04F79EFBC}") = "KnockoutAMD", "KnockoutAMD\KnockoutAMD.csproj", "{B797ABCB-64B0-4ACE-B050-D675E4CCAC6B}"
EndProject
Project("{FAE04EC0-301F-11D3-BF4B-00C04F79EFBC}") = "KnockoutAMD.Tests", "KnockoutAMD.Tests\KnockoutAMD.Tests.csproj", "{6A3F7E1D-C6E0-41D6-A059-01FEBA955746}"
EndProject
Global
	GlobalSection(SolutionConfigurationPlatforms) = preSolution
		Debug|Any CPU = Debug|Any CPU
		Release|Any CPU = Release|Any CPU
	EndGlobalSection
	GlobalSection(ProjectConfigurationPlatforms) = postSolution
		{B797ABCB-64B0-4ACE-B050-D675E4CCAC6B}.Debug|Any CPU.ActiveCfg = Debug|Any CPU
		{B797ABCB-64B0-4ACE-B050-D675E4CCAC6B}.Debug|Any CPU.Build.0 = Debug|Any CPU
		{B797ABCB-64B0-4ACE-B050-D675E4CCAC6B}.Release|Any CPU.ActiveCfg = Release|Any CPU
		{B797ABCB-64B0-4ACE-B050-D675E4CCAC6B}.Release|Any CPU.Build.0 = Release|Any CPU
		{6A3F7E1D-C6E0-41D6-A059-01FEBA955746}.Debug|Any CPU.ActiveCfg = Debug|Any CPU
		{6A3F7E1D-C6E0-41D6-A059-01FEBA955746}.Debug|Any CPU.Build.0 = Debug|Any CPU
		{6A3F7E1D-C6E0-41D6-A059-01FEBA955746}.Release|Any CPU.ActiveCfg = Release|Any CPU
		{6A3F7E1D-C6E0-41D6-A059-01FEBA955746}.Release|Any CPU.Build.0 = Release|Any CPU
	EndGlobalSection
	GlobalSection(SolutionProperties) = preSolution
		HideSolutionNode = FALSE
	EndGlobalSection
EndGlobal
